
Microsoft Visual Studio Solution File, Format Version 12.00
# Visual Studio Version 17
VisualStudioVersion = 17.7.34202.233
MinimumVisualStudioVersion = 10.0.40219.1
Project("{9A19103F-16F7-4668-BE54-9A1E7A4F7556}") = "CarRentalManagement.Server", "CarRentalManagement\Server\CarRentalManagement.Server.csproj", "{C16DE0C5-E01E-426C-B9CE-D6E86CEA18CC}"
EndProject
Project("{9A19103F-16F7-4668-BE54-9A1E7A4F7556}") = "CarRentalManagement.Client", "CarRentalManagement\Client\CarRentalManagement.Client.csproj", "{5ACF64AE-C91A-43DF-AFD3-DFA0D6CA7E26}"
EndProject
Project("{9A19103F-16F7-4668-BE54-9A1E7A4F7556}") = "CarRentalManagement.Shared", "CarRentalManagement\Shared\CarRentalManagement.Shared.csproj", "{164AC534-755D-4467-B386-454F91A26DD7}"
EndProject
Global
	GlobalSection(SolutionConfigurationPlatforms) = preSolution
		Debug|Any CPU = Debug|Any CPU
		Release|Any CPU = Release|Any CPU
	EndGlobalSection
	GlobalSection(ProjectConfigurationPlatforms) = postSolution
		{C16DE0C5-E01E-426C-B9CE-D6E86CEA18CC}.Debug|Any CPU.ActiveCfg = Debug|Any CPU
		{C16DE0C5-E01E-426C-B9CE-D6E86CEA18CC}.Debug|Any CPU.Build.0 = Debug|Any CPU
		{C16DE0C5-E01E-426C-B9CE-D6E86CEA18CC}.Release|Any CPU.ActiveCfg = Release|Any CPU
		{C16DE0C5-E01E-426C-B9CE-D6E86CEA18CC}.Release|Any CPU.Build.0 = Release|Any CPU
		{5ACF64AE-C91A-43DF-AFD3-DFA0D6CA7E26}.Debug|Any CPU.ActiveCfg = Debug|Any CPU
		{5ACF64AE-C91A-43DF-AFD3-DFA0D6CA7E26}.Debug|Any CPU.Build.0 = Debug|Any CPU
		{5ACF64AE-C91A-43DF-AFD3-DFA0D6CA7E26}.Release|Any CPU.ActiveCfg = Release|Any CPU
		{5ACF64AE-C91A-43DF-AFD3-DFA0D6CA7E26}.Release|Any CPU.Build.0 = Release|Any CPU
		{164AC534-755D-4467-B386-454F91A26DD7}.Debug|Any CPU.ActiveCfg = Debug|Any CPU
		{164AC534-755D-4467-B386-454F91A26DD7}.Debug|Any CPU.Build.0 = Debug|Any CPU
		{164AC534-755D-4467-B386-454F91A26DD7}.Release|Any CPU.ActiveCfg = Release|Any CPU
		{164AC534-755D-4467-B386-454F91A26DD7}.Release|Any CPU.Build.0 = Release|Any CPU
	EndGlobalSection
	GlobalSection(SolutionProperties) = preSolution
		HideSolutionNode = FALSE
	EndGlobalSection
	GlobalSection(ExtensibilityGlobals) = postSolution
		SolutionGuid = {4AAF3239-74B0-405E-ABCE-7523DC7F040E}
	EndGlobalSection
EndGlobal
